{
  "nodes": {
    "aagl": {
      "inputs": {
        "flake-compat": "flake-compat",
        "nixpkgs": [
          "nixpkgs"
        ],
        "rust-overlay": "rust-overlay"
      },
      "locked": {
        "lastModified": 1759320776,
        "narHash": "sha256-8Ma9aBho6WRvDdaJG0USeQO7KH5a4cyu68go9BF2uUk=",
        "owner": "ezKEa",
        "repo": "aagl-gtk-on-nix",
        "rev": "5018ad01116ad384d4254298b5a43fbf0d5dd69c",
        "type": "github"
      },
      "original": {
        "owner": "ezKEa",
        "ref": "release-25.05",
        "repo": "aagl-gtk-on-nix",
        "type": "github"
      }
    },
    "darkly": {
      "inputs": {
        "nixpkgs": [
          "nixpkgsUnstable"
        ]
      },
      "locked": {
        "lastModified": 1760827517,
        "narHash": "sha256-lko+7eRup7Ew6hAnZM2GW7oS3MlBXE41TIqLvaWR6bk=",
        "owner": "Bali10050",
        "repo": "Darkly",
        "rev": "83a5a6823e6dd76c44cbbc330723c01069d5c93e",
        "type": "github"
      },
      "original": {
        "owner": "Bali10050",
        "ref": "feature",
        "repo": "Darkly",
        "type": "github"
      }
    },
    "flake-compat": {
      "flake": false,
      "locked": {
        "lastModified": 1747046372,
        "narHash": "sha256-CIVLLkVgvHYbgI2UpXvIIBJ12HWgX+fjA8Xf8PUmqCY=",
        "owner": "edolstra",
        "repo": "flake-compat",
        "rev": "9100a0f413b0c601e0533d1d94ffd501ce2e7885",
        "type": "github"
      },
      "original": {
        "owner": "edolstra",
        "repo": "flake-compat",
        "type": "github"
      }
    },
    "frostix": {
      "inputs": {
        "nixpkgs": [
          "nixpkgsUnstable"
        ]
      },
      "locked": {
        "lastModified": 1761607713,
        "narHash": "sha256-oIiMozh/Y4sfAdpMAfK4MAfVT3oa2ePQKU/gXnAOTr0=",
        "owner": "shomykohai",
        "repo": "frostix",
        "rev": "7b66349bea57d858a7c5ffdb01e630bbb16e736a",
        "type": "github"
      },
      "original": {
        "owner": "shomykohai",
        "repo": "frostix",
        "type": "github"
      }
    },
    "nix-index-database": {
      "inputs": {
        "nixpkgs": [
          "nixpkgs"
        ]
      },
      "locked": {
        "lastModified": 1761451000,
        "narHash": "sha256-qBJL6xEIjqYq9zOcG2vf2nPTeVBppNJzvO0LuQWMwMo=",
        "owner": "nix-community",
        "repo": "nix-index-database",
        "rev": "ed6b293161b378a7368cda38659eb8d3d9a0dac4",
        "type": "github"
      },
      "original": {
        "owner": "nix-community",
        "repo": "nix-index-database",
        "type": "github"
      }
    },
    "nix-vscode-extensions": {
      "inputs": {
        "nixpkgs": [
          "nixpkgs"
        ]
      },
      "locked": {
        "lastModified": 1761443854,
        "narHash": "sha256-xf4jaO2hvPub4acCtV5xmeMUA47+L/Dr0Ywx3wwIN7c=",
        "owner": "nix-community",
        "repo": "nix-vscode-extensions",
        "rev": "f44f8539049c4a7df6c9ab3df1b58d98ba081325",
        "type": "github"
      },
      "original": {
        "owner": "nix-community",
        "repo": "nix-vscode-extensions",
        "type": "github"
      }
    },
    "nixpkgs": {
      "locked": {
        "lastModified": 1744536153,
        "narHash": "sha256-awS2zRgF4uTwrOKwwiJcByDzDOdo3Q1rPZbiHQg/N38=",
        "owner": "NixOS",
        "repo": "nixpkgs",
        "rev": "18dd725c29603f582cf1900e0d25f9f1063dbf11",
        "type": "github"
      },
      "original": {
        "owner": "NixOS",
        "ref": "nixpkgs-unstable",
        "repo": "nixpkgs",
        "type": "github"
      }
    },
    "nixpkgsUnstable": {
      "locked": {
        "lastModified": 1761114652,
        "narHash": "sha256-f/QCJM/YhrV/lavyCVz8iU3rlZun6d+dAiC3H+CDle4=",
        "owner": "nixos",
        "repo": "nixpkgs",
        "rev": "01f116e4df6a15f4ccdffb1bcd41096869fb385c",
        "type": "github"
      },
      "original": {
        "owner": "nixos",
        "ref": "nixos-unstable",
        "repo": "nixpkgs",
        "type": "github"
      }
    },
    "nixpkgs_2": {
      "locked": {
        "lastModified": 1761173472,
        "narHash": "sha256-m9W0dYXflzeGgKNravKJvTMR4Qqa2MVD11AwlGMufeE=",
        "owner": "nixos",
        "repo": "nixpkgs",
        "rev": "c8aa8cc00a5cb57fada0851a038d35c08a36a2bb",
        "type": "github"
      },
      "original": {
        "owner": "nixos",
        "ref": "nixos-25.05",
        "repo": "nixpkgs",
        "type": "github"
      }
    },
    "reflake": {
      "inputs": {
        "nixpkgs": [
          "nixpkgsUnstable"
        ]
      },
      "locked": {
        "lastModified": 1750467198,
        "narHash": "sha256-oWn2bcc2MAlaxZ/GXrPxkMMyetv1SgPQE9ls0eq9sPk=",
        "owner": "shomykohai",
        "repo": "reflake",
        "rev": "dd4c621d43bb47cdec09d3d33418135f38c74d98",
        "type": "github"
      },
      "original": {
        "owner": "shomykohai",
        "repo": "reflake",
        "type": "github"
      }
    },
    "root": {
      "inputs": {
        "aagl": "aagl",
        "darkly": "darkly",
        "frostix": "frostix",
        "nix-index-database": "nix-index-database",
        "nix-vscode-extensions": "nix-vscode-extensions",
        "nixpkgs": "nixpkgs_2",
        "nixpkgsUnstable": "nixpkgsUnstable",
        "reflake": "reflake",
        "secrets-flake": "secrets-flake",
        "sops-nix": "sops-nix",
        "spicetify-nix": "spicetify-nix",
        "zen-browser": "zen-browser"
      }
    },
    "rust-overlay": {
      "inputs": {
        "nixpkgs": "nixpkgs"
      },
      "locked": {
        "lastModified": 1759286284,
        "narHash": "sha256-JLdGGc4XDutzSD1L65Ni6Ye+oTm8kWfm0KTPMcyl7Y4=",
        "owner": "oxalica",
        "repo": "rust-overlay",
        "rev": "f6f2da475176bb7cff51faae8b3fe879cd393545",
        "type": "github"
      },
      "original": {
        "owner": "oxalica",
        "repo": "rust-overlay",
        "type": "github"
      }
    },
    "secrets-flake": {
      "locked": {
        "lastModified": 1758756579,
        "narHash": "sha256-RRKAAi4eUom49VpNJJCDluM6b6m3XD/we3eLx7QgDKE=",
        "ref": "refs/heads/main",
        "rev": "4bec7c7a4849d48bd719d60a4ba18a8b3f0bf014",
        "revCount": 1,
        "type": "git",
        "url": "ssh://git@gitlab.com/shomy/secrets-flake.git"
      },
      "original": {
        "type": "git",
        "url": "ssh://git@gitlab.com/shomy/secrets-flake.git"
      }
    },
    "sops-nix": {
      "inputs": {
        "nixpkgs": [
          "nixpkgs"
        ]
      },
      "locked": {
        "lastModified": 1760998189,
        "narHash": "sha256-ee2e1/AeGL5X8oy/HXsZQvZnae6XfEVdstGopKucYLY=",
        "owner": "Mic92",
        "repo": "sops-nix",
        "rev": "5a7d18b5c55642df5c432aadb757140edfeb70b3",
        "type": "github"
      },
      "original": {
        "owner": "Mic92",
        "repo": "sops-nix",
        "type": "github"
      }
    },
    "spicetify-nix": {
      "inputs": {
        "nixpkgs": [
          "nixpkgs"
        ],
        "systems": "systems"
      },
      "locked": {
        "lastModified": 1761452941,
        "narHash": "sha256-yy+9lSj40cWS4awLqjQ5H5/7/SOf9ZarOgTzH8GHkRk=",
        "owner": "Gerg-L",
        "repo": "spicetify-nix",
        "rev": "20a56cfc4dc794ade2e8d4346cc4a5adcd1bb512",
        "type": "github"
      },
      "original": {
        "owner": "Gerg-L",
        "repo": "spicetify-nix",
        "type": "github"
      }
    },
    "systems": {
      "locked": {
        "lastModified": 1681028828,
        "narHash": "sha256-Vy1rq5AaRuLzOxct8nz4T6wlgyUR7zLU309k9mBC768=",
        "owner": "nix-systems",
        "repo": "default",
        "rev": "da67096a3b9bf56a91d16901293e51ba5b49a27e",
        "type": "github"
      },
      "original": {
        "owner": "nix-systems",
        "repo": "default",
        "type": "github"
      }
    },
    "zen-browser": {
      "inputs": {
        "nixpkgs": [
          "nixpkgs"
        ]
      },
      "locked": {
        "lastModified": 1761451534,
        "narHash": "sha256-u1ozFLsUL3W3wSgS5E5Sc8W3gsTWjSNlr9c6Il8wTC4=",
        "owner": "youwen5",
        "repo": "zen-browser-flake",
        "rev": "a69ee46d64a6af7673905ccb7e21c1ae1960a101",
        "type": "github"
      },
      "original": {
        "owner": "youwen5",
        "repo": "zen-browser-flake",
        "type": "github"
      }
    }
  },
  "root": "root",
  "version": 7
}
